#MicroXplorer Configuration settings - do not modify
Mcu.Family=STM32F4
ProjectManager.MainLocation=Core/Src
FATFS._USE_FORWARD=1
Dma.SDIO_TX.1.MemInc=DMA_MINC_ENABLE
PH0-OSC_IN.Signal=RCC_OSC_IN
RCC.CortexFreq_Value=168000000
FATFS._USE_LFN=3
ProjectManager.KeepUserCode=true
PE11.GPIOParameters=PinState,GPIO_PuPd,GPIO_Label
Mcu.UserName=STM32F407VGTx
VP_FATFS_VS_SDIO.Mode=SDIO
PE11.GPIO_Label=BLUE
RCC.PLLCLKFreq_Value=168000000
PC10.Signal=SDIO_D2
PC12.Signal=SDIO_CK
RCC.PLLQCLKFreq_Value=48000000
ProjectManager.functionlistsort=1-MX_GPIO_Init-GPIO-false-HAL-true,2-MX_DMA_Init-DMA-false-HAL-true,3-SystemClock_Config-RCC-false-HAL-false,4-MX_SDIO_SD_Init-SDIO-false-HAL-true,5-MX_USART1_UART_Init-USART1-false-HAL-true,6-MX_FATFS_Init-FATFS-false-HAL-false,7-MX_LWIP_Init-LWIP-false-HAL-false
PE11.PinState=GPIO_PIN_SET
RCC.RTCFreq_Value=32000
PC5.Mode=RMII
USART1.IPParameters=VirtualMode
PB11.Signal=ETH_TX_EN
PB13.Signal=ETH_TXD1
Dma.SDIO_TX.1.PeriphBurst=DMA_PBURST_INC4
PinOutPanel.RotationAngle=0
Dma.SDIO_RX.0.RequestParameters=Instance,Direction,PeriphInc,MemInc,PeriphDataAlignment,MemDataAlignment,Mode,Priority,FIFOMode,FIFOThreshold,MemBurst,PeriphBurst
RCC.SYSCLKSource=RCC_SYSCLKSOURCE_PLLCLK
ProjectManager.StackSize=0x2000
Dma.SDIO_RX.0.Direction=DMA_PERIPH_TO_MEMORY
VP_FREERTOS_VS_CMSIS_V2.Mode=CMSIS_V2
LWIP.NETMASK_ADDRESS=255.255.255.000
Dma.SDIO_TX.1.Instance=DMA2_Stream6
Dma.SDIO_TX.1.PeriphInc=DMA_PINC_DISABLE
Mcu.IP4=LWIP
Mcu.IP5=NVIC
RCC.FCLKCortexFreq_Value=168000000
Mcu.IP2=FATFS
NVIC.SVCall_IRQn=true\:0\:0\:false\:false\:false\:false\:false\:false
Mcu.IP3=FREERTOS
Mcu.IP0=DMA
Mcu.IP1=ETH
Dma.SDIO_TX.1.PeriphDataAlignment=DMA_PDATAALIGN_WORD
Mcu.UserConstants=
VP_FATFS_VS_SDIO.Signal=FATFS_VS_SDIO
PE11.GPIO_PuPd=GPIO_NOPULL
LWIP.IPParameters=LWIP_DHCP,IP_ADDRESS,NETMASK_ADDRESS,GATEWAY_ADDRESS,LWIP_TFTP
Mcu.ThirdPartyNb=0
RCC.HCLKFreq_Value=168000000
Mcu.IPNb=10
RCC.I2SClocksFreq_Value=192000000
ProjectManager.PreviousToolchain=STM32CubeIDE
RCC.APB2TimFreq_Value=168000000
SDIO.IPParameters=HardwareFlowControl
RCC.VcooutputI2S=192000000
Mcu.Pin6=PC4
Mcu.Pin7=PC5
Mcu.Pin8=PE11
Dma.SDIO_TX.1.RequestParameters=Instance,Direction,PeriphInc,MemInc,PeriphDataAlignment,MemDataAlignment,Mode,Priority,FIFOMode,FIFOThreshold,MemBurst,PeriphBurst
Mcu.Pin9=PB11
FREERTOS.IPParameters=Tasks01,FootprintOK
Dma.SDIO_TX.1.FIFOMode=DMA_FIFOMODE_ENABLE
RCC.AHBFreq_Value=168000000
PH0-OSC_IN.Mode=HSE-External-Oscillator
Mcu.Pin0=PH0-OSC_IN
Mcu.Pin1=PH1-OSC_OUT
NVIC.ETH_IRQn=true\:5\:0\:false\:false\:true\:true\:false\:true
GPIO.groupedBy=Group By Peripherals
Mcu.Pin2=PC1
Mcu.Pin3=PA1
Mcu.Pin4=PA2
Mcu.Pin5=PA7
ProjectManager.ProjectBuild=false
RCC.HSE_VALUE=25000000
NVIC.UsageFault_IRQn=true\:0\:0\:false\:false\:true\:false\:false\:false
NVIC.DebugMonitor_IRQn=true\:0\:0\:false\:false\:true\:false\:false\:false
NVIC.TIM8_TRG_COM_TIM14_IRQn=true\:0\:0\:false\:false\:true\:false\:false\:true
NVIC.SysTick_IRQn=true\:15\:0\:false\:false\:false\:true\:false\:true
Dma.SDIO_TX.1.MemBurst=DMA_MBURST_INC4
ProjectManager.FirmwarePackage=STM32Cube FW_F4 V1.25.2
VP_SYS_VS_tim14.Signal=SYS_VS_tim14
MxDb.Version=DB.6.0.10
ProjectManager.BackupPrevious=false
RCC.VCOInputFreq_Value=2000000
PA14.Mode=Serial_Wire
File.Version=6
PC9.Mode=SD_4_bits_Wide_bus
Dma.SDIO_TX.1.Direction=DMA_MEMORY_TO_PERIPH
NVIC.PendSV_IRQn=true\:15\:0\:false\:false\:false\:true\:false\:false
VP_SYS_VS_tim14.Mode=TIM14
Dma.SDIO_RX.0.MemDataAlignment=DMA_MDATAALIGN_WORD
Dma.RequestsNb=2
ProjectManager.HalAssertFull=false
ProjectManager.ProjectName=fatfs_stm32
FATFS._USE_LABEL=1
PH1-OSC_OUT.Mode=HSE-External-Oscillator
RCC.MCO2PinFreq_Value=168000000
Mcu.Package=LQFP100
PB12.Mode=RMII
NVIC.TimeBase=TIM8_TRG_COM_TIM14_IRQn
ProjectManager.ToolChainLocation=
RCC.LSI_VALUE=32000
NVIC.TimeBaseIP=TIM14
PA10.Signal=USART1_RX
FREERTOS.FootprintOK=true
PC11.Mode=SD_4_bits_Wide_bus
Dma.SDIO_TX.1.FIFOThreshold=DMA_FIFO_THRESHOLD_FULL
Dma.SDIO_TX.1.Priority=DMA_PRIORITY_LOW
FATFS._FS_MINIMIZE=0
RCC.APB2CLKDivider=RCC_HCLK_DIV2
Dma.Request1=SDIO_TX
RCC.APB1TimFreq_Value=84000000
NVIC.BusFault_IRQn=true\:0\:0\:false\:false\:true\:false\:false\:false
PC5.Signal=ETH_RXD1
Dma.SDIO_RX.0.MemBurst=DMA_MBURST_INC4
PB13.Mode=RMII
Dma.SDIO_RX.0.Instance=DMA2_Stream3
Dma.Request0=SDIO_RX
ProjectManager.CustomerFirmwarePackage=
PC4.Mode=RMII
VP_LWIP_VS_Enabled.Signal=LWIP_VS_Enabled
Dma.SDIO_RX.0.FIFOMode=DMA_FIFOMODE_ENABLE
LWIP.IP_ADDRESS=192.168.111.020
Dma.SDIO_RX.0.Mode=DMA_PFCTRL
Dma.SDIO_RX.0.Priority=DMA_PRIORITY_LOW
ProjectManager.ProjectFileName=fatfs_stm32.ioc
FREERTOS.Tasks01=defaultTask,24,1024,StartDefaultTask,Default,NULL,Dynamic,NULL,NULL
PA7.Mode=RMII
ETH.PHY_User_Name=LAN8720
PA10.Mode=Asynchronous
Mcu.PinsNb=26
ProjectManager.NoMain=false
NVIC.SavedSvcallIrqHandlerGenerated=true
PC11.Signal=SDIO_D3
PC8.Signal=SDIO_D0
Dma.SDIO_RX.0.PeriphInc=DMA_PINC_DISABLE
PC4.Signal=ETH_RXD0
PC10.Mode=SD_4_bits_Wide_bus
ProjectManager.DefaultFWLocation=true
LWIP.LWIP_DHCP=0
ProjectManager.DeletePrevious=true
RCC.APB1CLKDivider=RCC_HCLK_DIV4
ETH.PhyAddress=0
NVIC.SDIO_IRQn=true\:5\:0\:true\:false\:true\:true\:true\:true
RCC.FamilyName=M
VP_LWIP_VS_Enabled.Mode=Enabled
LWIP.GATEWAY_ADDRESS=192.168.111.001
ETH.IPParameters=MediaInterface,PHY_Name_RMII,PhyAddress,PHY_User_Name,PHY_SR
FATFS.IPParameters=_USE_LFN,_USE_FIND,_USE_EXPAND,_USE_CHMOD,_USE_LABEL,_USE_FORWARD,_FS_MINIMIZE,_CODE_PAGE
PA13.Signal=SYS_JTMS-SWDIO
PA9.Mode=Asynchronous
Dma.SDIO_TX.1.MemDataAlignment=DMA_MDATAALIGN_WORD
Dma.SDIO_RX.0.MemInc=DMA_MINC_ENABLE
ETH.PHY_Name_RMII=userPHY
PB11.Mode=RMII
Dma.SDIO_RX.0.FIFOThreshold=DMA_FIFO_THRESHOLD_FULL
ProjectManager.TargetToolchain=STM32CubeIDE
FATFS._CODE_PAGE=850
PA9.Signal=USART1_TX
ProjectManager.RegisterCallBack=
NVIC.DMA2_Stream3_IRQn=true\:6\:0\:true\:false\:true\:true\:false\:true
NVIC.DMA2_Stream6_IRQn=true\:6\:0\:true\:false\:true\:true\:false\:true
PE11.Signal=GPIO_Output
RCC.LSE_VALUE=32768
PA1.Signal=ETH_REF_CLK
Dma.SDIO_RX.0.PeriphDataAlignment=DMA_PDATAALIGN_WORD
RCC.VCOI2SOutputFreq_Value=384000000
PD2.Mode=SD_4_bits_Wide_bus
PC12.Mode=SD_4_bits_Wide_bus
FATFS._USE_EXPAND=1
board=custom
RCC.VCOOutputFreq_Value=336000000
ProjectManager.LastFirmware=true
ETH.PHY_SR=31
LWIP.LWIP_TFTP=1
NVIC.SavedSystickIrqHandlerGenerated=true
RCC.APB2Freq_Value=84000000
PA1.Mode=RMII
MxCube.Version=6.1.1
RCC.EthernetFreq_Value=168000000
PH1-OSC_OUT.Signal=RCC_OSC_OUT
NVIC.NonMaskableInt_IRQn=true\:0\:0\:false\:false\:true\:false\:false\:false
Dma.SDIO_TX.1.Mode=DMA_PFCTRL
FATFS._USE_FIND=1
PA13.Mode=Serial_Wire
ProjectManager.FreePins=false
RCC.IPParameters=48MHZClocksFreq_Value,AHBFreq_Value,APB1CLKDivider,APB1Freq_Value,APB1TimFreq_Value,APB2CLKDivider,APB2Freq_Value,APB2TimFreq_Value,CortexFreq_Value,EthernetFreq_Value,FCLKCortexFreq_Value,FamilyName,HCLKFreq_Value,HSE_VALUE,HSI_VALUE,I2SClocksFreq_Value,LSE_VALUE,LSI_VALUE,MCO2PinFreq_Value,PLLCLKFreq_Value,PLLM,PLLN,PLLQ,PLLQCLKFreq_Value,RTCFreq_Value,RTCHSEDivFreq_Value,SYSCLKFreq_VALUE,SYSCLKSource,VCOI2SOutputFreq_Value,VCOInputFreq_Value,VCOOutputFreq_Value,VcooutputI2S
PE11.Locked=true
ProjectManager.AskForMigrate=true
Mcu.Name=STM32F407V(E-G)Tx
NVIC.SavedPendsvIrqHandlerGenerated=true
RCC.RTCHSEDivFreq_Value=12500000
PA2.Signal=ETH_MDIO
Mcu.Pin24=VP_LWIP_VS_Enabled
ProjectManager.UnderRoot=true
Mcu.Pin25=VP_SYS_VS_tim14
Mcu.IP8=SYS
VP_FREERTOS_VS_CMSIS_V2.Signal=FREERTOS_VS_CMSIS_V2
FATFS._USE_CHMOD=1
Mcu.IP9=USART1
Mcu.IP6=RCC
PC8.Mode=SD_4_bits_Wide_bus
Mcu.IP7=SDIO
ProjectManager.CoupleFile=true
RCC.48MHZClocksFreq_Value=48000000
RCC.SYSCLKFreq_VALUE=168000000
Mcu.Pin22=VP_FATFS_VS_SDIO
ETH.MediaInterface=ETH_MEDIA_INTERFACE_RMII
Mcu.Pin23=VP_FREERTOS_VS_CMSIS_V2
Mcu.Pin20=PC12
Mcu.Pin21=PD2
NVIC.ForceEnableDMAVector=true
KeepUserPlacement=false
NVIC.MemoryManagement_IRQn=true\:0\:0\:false\:false\:true\:false\:false\:false
USART1.VirtualMode=VM_ASYNC
ProjectManager.CompilerOptimize=6
PA14.Signal=SYS_JTCK-SWCLK
ProjectManager.HeapSize=0x2000
Mcu.Pin15=PA10
NVIC.HardFault_IRQn=true\:0\:0\:false\:false\:true\:false\:false\:false
Mcu.Pin16=PA13
LWIP.Version=v2.1.2_Cube
Mcu.Pin13=PC9
Mcu.Pin14=PA9
Mcu.Pin19=PC11
ProjectManager.ComputerToolchain=false
Mcu.Pin17=PA14
RCC.HSI_VALUE=16000000
Mcu.Pin18=PC10
RCC.PLLQ=7
NVIC.PriorityGroup=NVIC_PRIORITYGROUP_4
Mcu.Pin11=PB13
Mcu.Pin12=PC8
RCC.PLLM=8
SDIO.HardwareFlowControl=SDIO_HARDWARE_FLOW_CONTROL_DISABLE
RCC.PLLN=168
Mcu.Pin10=PB12
Dma.SDIO_RX.0.PeriphBurst=DMA_PBURST_INC4
PA2.Mode=RMII
PC9.Signal=SDIO_D1
PD2.Signal=SDIO_CMD
RCC.APB1Freq_Value=42000000
ProjectManager.DeviceId=STM32F407VGTx
PC1.Signal=ETH_MDC
PB12.Signal=ETH_TXD0
ProjectManager.LibraryCopy=1
PC1.Mode=RMII
PA7.Signal=ETH_CRS_DV
